
Microsoft Visual Studio Solution File, Format Version 12.00
# Visual Studio 15
VisualStudioVersion = 15.0.28010.0
MinimumVisualStudioVersion = 10.0.40219.1
Project("{F184B08F-C81C-45F6-A57F-5ABD9991F28F}") = "Convertidor de unidades", "Convertidor de unidades\Convertidor de unidades.vbproj", "{FBF560B0-A9CF-487C-BB4F-56EA17974712}"
EndProject
Global
	GlobalSection(SolutionConfigurationPlatforms) = preSolution
		Debug|Any CPU = Debug|Any CPU
		Release|Any CPU = Release|Any CPU
	EndGlobalSection
	GlobalSection(ProjectConfigurationPlatforms) = postSolution
		{FBF560B0-A9CF-487C-BB4F-56EA17974712}.Debug|Any CPU.ActiveCfg = Debug|Any CPU
		{FBF560B0-A9CF-487C-BB4F-56EA17974712}.Debug|Any CPU.Build.0 = Debug|Any CPU
		{FBF560B0-A9CF-487C-BB4F-56EA17974712}.Release|Any CPU.ActiveCfg = Release|Any CPU
		{FBF560B0-A9CF-487C-BB4F-56EA17974712}.Release|Any CPU.Build.0 = Release|Any CPU
	EndGlobalSection
	GlobalSection(SolutionProperties) = preSolution
		HideSolutionNode = FALSE
	EndGlobalSection
	GlobalSection(ExtensibilityGlobals) = postSolution
		SolutionGuid = {45F56590-A50C-4371-81BD-27623E68A24E}
	EndGlobalSection
EndGlobal
